
Microsoft Visual Studio Solution File, Format Version 12.00
# Visual Studio Version 16
VisualStudioVersion = 16.0.29709.97
MinimumVisualStudioVersion = 10.0.40219.1
Project("{FAE04EC0-301F-11D3-BF4B-00C04F79EFBC}") = "Delegates", "Delegates\Delegates.csproj", "{4EA7EC08-C3A3-4317-BC13-E9D007BC19E8}"
EndProject
Project("{FAE04EC0-301F-11D3-BF4B-00C04F79EFBC}") = "StudentDelegate", "StudentDelegate\StudentDelegate.csproj", "{DDF21603-B8CA-48CB-A7DA-E2370F6B21FE}"
EndProject
Project("{FAE04EC0-301F-11D3-BF4B-00C04F79EFBC}") = "MultiCastDelegate", "MultiCastDelegate\MultiCastDelegate.csproj", "{A46A28CE-A62F-41C4-A491-24E1DF6872E0}"
EndProject
Global
	GlobalSection(SolutionConfigurationPlatforms) = preSolution
		Debug|Any CPU = Debug|Any CPU
		Release|Any CPU = Release|Any CPU
	EndGlobalSection
	GlobalSection(ProjectConfigurationPlatforms) = postSolution
		{4EA7EC08-C3A3-4317-BC13-E9D007BC19E8}.Debug|Any CPU.ActiveCfg = Debug|Any CPU
		{4EA7EC08-C3A3-4317-BC13-E9D007BC19E8}.Debug|Any CPU.Build.0 = Debug|Any CPU
		{4EA7EC08-C3A3-4317-BC13-E9D007BC19E8}.Release|Any CPU.ActiveCfg = Release|Any CPU
		{4EA7EC08-C3A3-4317-BC13-E9D007BC19E8}.Release|Any CPU.Build.0 = Release|Any CPU
		{DDF21603-B8CA-48CB-A7DA-E2370F6B21FE}.Debug|Any CPU.ActiveCfg = Debug|Any CPU
		{DDF21603-B8CA-48CB-A7DA-E2370F6B21FE}.Debug|Any CPU.Build.0 = Debug|Any CPU
		{DDF21603-B8CA-48CB-A7DA-E2370F6B21FE}.Release|Any CPU.ActiveCfg = Release|Any CPU
		{DDF21603-B8CA-48CB-A7DA-E2370F6B21FE}.Release|Any CPU.Build.0 = Release|Any CPU
		{A46A28CE-A62F-41C4-A491-24E1DF6872E0}.Debug|Any CPU.ActiveCfg = Debug|Any CPU
		{A46A28CE-A62F-41C4-A491-24E1DF6872E0}.Debug|Any CPU.Build.0 = Debug|Any CPU
		{A46A28CE-A62F-41C4-A491-24E1DF6872E0}.Release|Any CPU.ActiveCfg = Release|Any CPU
		{A46A28CE-A62F-41C4-A491-24E1DF6872E0}.Release|Any CPU.Build.0 = Release|Any CPU
	EndGlobalSection
	GlobalSection(SolutionProperties) = preSolution
		HideSolutionNode = FALSE
	EndGlobalSection
	GlobalSection(ExtensibilityGlobals) = postSolution
		SolutionGuid = {EA06F604-EBCE-4E17-9641-C930507A8DE6}
	EndGlobalSection
EndGlobal
